// !$*UTF8*$!
{
	archiveVersion = 1;
	classes = {
	};
	objectVersion = 77;
	objects = {

/* Begin PBXContainerItemProxy section */
		2341A6262EEC6AD5007F2391 /* PBXContainerItemProxy */ = {
			isa = PBXContainerItemProxy;
			containerPortal = 2341A60E2EEC6AD4007F2391 /* Project object */;
			proxyType = 1;
			remoteGlobalIDString = 2341A6152EEC6AD4007F2391;
			remoteInfo = AddicTrack;
		};
		2341A6302EEC6AD5007F2391 /* PBXContainerItemProxy */ = {
			isa = PBXContainerItemProxy;
			containerPortal = 2341A60E2EEC6AD4007F2391 /* Project object */;
			proxyType = 1;
			remoteGlobalIDString = 2341A6152EEC6AD4007F2391;
			remoteInfo = AddicTrack;
		};
/* End PBXContainerItemProxy section */

/* Begin PBXFileReference section */
		2341A6162EEC6AD4007F2391 /* AddicTrack.app */ = {isa = PBXFileReference; explicitFileType = wrapper.application; includeInIndex = 0; path = AddicTrack.app; sourceTree = BUILT_PRODUCTS_DIR; };
		2341A6252EEC6AD5007F2391 /* AddicTrackTests.xctest */ = {isa = PBXFileReference; explicitFileType = wrapper.cfbundle; includeInIndex = 0; path = AddicTrackTests.xctest; sourceTree = BUILT_PRODUCTS_DIR; };
		2341A62F2EEC6AD5007F2391 /* AddicTrackUITests.xctest */ = {isa = PBXFileReference; explicitFileType = wrapper.cfbundle; includeInIndex = 0; path = AddicTrackUITests.xctest; sourceTree = BUILT_PRODUCTS_DIR; };
/* End PBXFileReference section */

/* Begin PBXFileSystemSynchronizedRootGroup section */
		2341A6182EEC6AD4007F2391 /* AddicTrack */ = {
			isa = PBXFileSystemSynchronizedRootGroup;
			path = AddicTrack;
			sourceTree = "<group>";
		};
		2341A6282EEC6AD5007F2391 /* AddicTrackTests */ = {
			isa = PBXFileSystemSynchronizedRootGroup;
			path = AddicTrackTests;
			sourceTree = "<group>";
		};
		2341A6322EEC6AD5007F2391 /* AddicTrackUITests */ = {
			isa = PBXFileSystemSynchronizedRootGroup;
			path = AddicTrackUITests;
			sourceTree = "<group>";
		};
/* End PBXFileSystemSynchronizedRootGroup section */

/* Begin PBXFrameworksBuildPhase section */
		2341A6132EEC6AD4007F2391 /* Frameworks */ = {
			isa = PBXFrameworksBuildPhase;
			buildActionMask = 2147483647;
			files = (
			);
			runOnlyForDeploymentPostprocessing = 0;
		};
		2341A6222EEC6AD5007F2391 /* Frameworks */ = {
			isa = PBXFrameworksBuildPhase;
			buildActionMask = 2147483647;
			files = (
			);
			runOnlyForDeploymentPostprocessing = 0;
		};
		2341A62C2EEC6AD5007F2391 /* Frameworks */ = {
			isa = PBXFrameworksBuildPhase;
			buildActionMask = 2147483647;
			files = (
			);
			runOnlyForDeploymentPostprocessing = 0;
		};
/* End PBXFrameworksBuildPhase section */

/* Begin PBXGroup section */
		2341A60D2EEC6AD4007F2391 = {
			isa = PBXGroup;
			children = (
				2341A6182EEC6AD4007F2391 /* AddicTrack */,
				2341A6282EEC6AD5007F2391 /* AddicTrackTests */,
				2341A6322EEC6AD5007F2391 /* AddicTrackUITests */,
				2341A6172EEC6AD4007F2391 /* Products */,
			);
			sourceTree = "<group>";
		};
		2341A6172EEC6AD4007F2391 /* Products */ = {
			isa = PBXGroup;
			children = (
				2341A6162EEC6AD4007F2391 /* AddicTrack.app */,
				2341A6252EEC6AD5007F2391 /* AddicTrackTests.xctest */,
				2341A62F2EEC6AD5007F2391 /* AddicTrackUITests.xctest */,
			);
			name = Products;
			sourceTree = "<group>";
		};
/* End PBXGroup section */

/* Begin PBXNativeTarget section */
		2341A6152EEC6AD4007F2391 /* AddicTrack */ = {
			isa = PBXNativeTarget;
			buildConfigurationList = 2341A6392EEC6AD5007F2391 /* Build configuration list for PBXNativeTarget "AddicTrack" */;
			buildPhases = (
				2341A6122EEC6AD4007F2391 /* Sources */,
				2341A6132EEC6AD4007F2391 /* Frameworks */,
				2341A6142EEC6AD4007F2391 /* Resources */,
			);
			buildRules = (
			);
			dependencies = (
			);
			fileSystemSynchronizedGroups = (
				2341A6182EEC6AD4007F2391 /* AddicTrack */,
			);
			name = AddicTrack;
			packageProductDependencies = (
			);
			productName = AddicTrack;
			productReference = 2341A6162EEC6AD4007F2391 /* AddicTrack.app */;
			productType = "com.apple.product-type.application";
		};
		2341A6242EEC6AD5007F2391 /* AddicTrackTests */ = {
			isa = PBXNativeTarget;
			buildConfigurationList = 2341A63C2EEC6AD5007F2391 /* Build configuration list for PBXNativeTarget "AddicTrackTests" */;
			buildPhases = (
				2341A6212EEC6AD5007F2391 /* Sources */,
				2341A6222EEC6AD5007F2391 /* Frameworks */,
				2341A6232EEC6AD5007F2391 /* Resources */,
			);
			buildRules = (
			);
			dependencies = (
				2341A6272EEC6AD5007F2391 /* PBXTargetDependency */,
			);
			fileSystemSynchronizedGroups = (
				2341A6282EEC6AD5007F2391 /* AddicTrackTests */,
			);
			name = AddicTrackTests;
			packageProductDependencies = (
			);
			productName = AddicTrackTests;
			productReference = 2341A6252EEC6AD5007F2391 /* AddicTrackTests.xctest */;
			productType = "com.apple.product-type.bundle.unit-test";
		};
		2341A62E2EEC6AD5007F2391 /* AddicTrackUITests */ = {
			isa = PBXNativeTarget;
			buildConfigurationList = 2341A63F2EEC6AD5007F2391 /* Build configuration list for PBXNativeTarget "AddicTrackUITests" */;
			buildPhases = (
				2341A62B2EEC6AD5007F2391 /* Sources */,
				2341A62C2EEC6AD5007F2391 /* Frameworks */,
				2341A62D2EEC6AD5007F2391 /* Resources */,
			);
			buildRules = (
			);
			dependencies = (
				2341A6312EEC6AD5007F2391 /* PBXTargetDependency */,
			);
			fileSystemSynchronizedGroups = (
				2341A6322EEC6AD5007F2391 /* AddicTrackUITests */,
			);
			name = AddicTrackUITests;
			packageProductDependencies = (
			);
			productName = AddicTrackUITests;
			productReference = 2341A62F2EEC6AD5007F2391 /* AddicTrackUITests.xctest */;
			productType = "com.apple.product-type.bundle.ui-testing";
		};
/* End PBXNativeTarget section */

/* Begin PBXProject section */
		2341A60E2EEC6AD4007F2391 /* Project object */ = {
			isa = PBXProject;
			attributes = {
				BuildIndependentTargetsInParallel = 1;
				LastSwiftUpdateCheck = 2600;
				LastUpgradeCheck = 2600;
				TargetAttributes = {
					2341A6152EEC6AD4007F2391 = {
						CreatedOnToolsVersion = 26.0.1;
					};
					2341A6242EEC6AD5007F2391 = {
						CreatedOnToolsVersion = 26.0.1;
						TestTargetID = 2341A6152EEC6AD4007F2391;
					};
					2341A62E2EEC6AD5007F2391 = {
						CreatedOnToolsVersion = 26.0.1;
						TestTargetID = 2341A6152EEC6AD4007F2391;
					};
				};
			};
			buildConfigurationList = 2341A6112EEC6AD4007F2391 /* Build configuration list for PBXProject "AddicTrack" */;
			developmentRegion = en;
			hasScannedForEncodings = 0;
			knownRegions = (
				en,
				Base,
			);
			mainGroup = 2341A60D2EEC6AD4007F2391;
			minimizedProjectReferenceProxies = 1;
			preferredProjectObjectVersion = 77;
			productRefGroup = 2341A6172EEC6AD4007F2391 /* Products */;
			projectDirPath = "";
			projectRoot = "";
			targets = (
				2341A6152EEC6AD4007F2391 /* AddicTrack */,
				2341A6242EEC6AD5007F2391 /* AddicTrackTests */,
				2341A62E2EEC6AD5007F2391 /* AddicTrackUITests */,
			);
		};
/* End PBXProject section */

/* Begin PBXResourcesBuildPhase section */
		2341A6142EEC6AD4007F2391 /* Resources */ = {
			isa = PBXResourcesBuildPhase;
			buildActionMask = 2147483647;
			files = (
			);
			runOnlyForDeploymentPostprocessing = 0;
		};
		2341A6232EEC6AD5007F2391 /* Resources */ = {
			isa = PBXResourcesBuildPhase;
			buildActionMask = 2147483647;
			files = (
			);
			runOnlyForDeploymentPostprocessing = 0;
		};
		2341A62D2EEC6AD5007F2391 /* Resources */ = {
			isa = PBXResourcesBuildPhase;
			buildActionMask = 2147483647;
			files = (
			);
			runOnlyForDeploymentPostprocessing = 0;
		};
/* End PBXResourcesBuildPhase section */

/* Begin PBXSourcesBuildPhase section */
		2341A6122EEC6AD4007F2391 /* Sources */ = {
			isa = PBXSourcesBuildPhase;
			buildActionMask = 2147483647;
			files = (
			);
			runOnlyForDeploymentPostprocessing = 0;
		};
		2341A6212EEC6AD5007F2391 /* Sources */ = {
			isa = PBXSourcesBuildPhase;
			buildActionMask = 2147483647;
			files = (
			);
			runOnlyForDeploymentPostprocessing = 0;
		};
		2341A62B2EEC6AD5007F2391 /* Sources */ = {
			isa = PBXSourcesBuildPhase;
			buildActionMask = 2147483647;
			files = (
			);
			runOnlyForDeploymentPostprocessing = 0;
		};
/* End PBXSourcesBuildPhase section */

/* Begin PBXTargetDependency section */
		2341A6272EEC6AD5007F2391 /* PBXTargetDependency */ = {
			isa = PBXTargetDependency;
			target = 2341A6152EEC6AD4007F2391 /* AddicTrack */;
			targetProxy = 2341A6262EEC6AD5007F2391 /* PBXContainerItemProxy */;
		};
		2341A6312EEC6AD5007F2391 /* PBXTargetDependency */ = {
			isa = PBXTargetDependency;
			target = 2341A6152EEC6AD4007F2391 /* AddicTrack */;
			targetProxy = 2341A6302EEC6AD5007F2391 /* PBXContainerItemProxy */;
		};
/* End PBXTargetDependency section */

/* Begin XCBuildConfiguration section */
		2341A6372EEC6AD5007F2391 /* Debug */ = {
			isa = XCBuildConfiguration;
			buildSettings = {
				ALWAYS_SEARCH_USER_PATHS = NO;
				ASSETCATALOG_COMPILER_GENERATE_SWIFT_ASSET_SYMBOL_EXTENSIONS = YES;
				CLANG_ANALYZER_NONNULL = YES;
				CLANG_ANALYZER_NUMBER_OBJECT_CONVERSION = YES_AGGRESSIVE;
				CLANG_CXX_LANGUAGE_STANDARD = "gnu++20";
				CLANG_ENABLE_MODULES = YES;
				CLANG_ENABLE_OBJC_ARC = YES;
				CLANG_ENABLE_OBJC_WEAK = YES;
				CLANG_WARN_BLOCK_CAPTURE_AUTORELEASING = YES;
				CLANG_WARN_BOOL_CONVERSION = YES;
				CLANG_WARN_COMMA = YES;
				CLANG_WARN_CONSTANT_CONVERSION = YES;
				CLANG_WARN_DEPRECATED_OBJC_IMPLEMENTATIONS = YES;
				CLANG_WARN_DIRECT_OBJC_ISA_USAGE = YES_ERROR;
				CLANG_WARN_DOCUMENTATION_COMMENTS = YES;
				CLANG_WARN_EMPTY_BODY = YES;
				CLANG_WARN_ENUM_CONVERSION = YES;
				CLANG_WARN_INFINITE_RECURSION = YES;
				CLANG_WARN_INT_CONVERSION = YES;
				CLANG_WARN_NON_LITERAL_NULL_CONVERSION = YES;
				CLANG_WARN_OBJC_IMPLICIT_RETAIN_SELF = YES;
				CLANG_WARN_OBJC_LITERAL_CONVERSION = YES;
				CLANG_WARN_OBJC_ROOT_CLASS = YES_ERROR;
				CLANG_WARN_QUOTED_INCLUDE_IN_FRAMEWORK_HEADER = YES;
				CLANG_WARN_RANGE_LOOP_ANALYSIS = YES;
				CLANG_WARN_STRICT_PROTOTYPES = YES;
				CLANG_WARN_SUSPICIOUS_MOVE = YES;
				CLANG_WARN_UNGUARDED_AVAILABILITY = YES_AGGRESSIVE;
				CLANG_WARN_UNREACHABLE_CODE = YES;
				CLANG_WARN__DUPLICATE_METHOD_MATCH = YES;
				COPY_PHASE_STRIP = NO;
				DEBUG_INFORMATION_FORMAT = dwarf;
				DEVELOPMENT_TEAM = 8T3W9YR268;
				ENABLE_STRICT_OBJC_MSGSEND = YES;
				ENABLE_TESTABILITY = YES;
				ENABLE_USER_SCRIPT_SANDBOXING = YES;
				GCC_C_LANGUAGE_STANDARD = gnu17;
				GCC_DYNAMIC_NO_PIC = NO;
				GCC_NO_COMMON_BLOCKS = YES;
				GCC_OPTIMIZATION_LEVEL = 0;
				GCC_PREPROCESSOR_DEFINITIONS = (
					"DEBUG=1",
					"$(inherited)",
				);
				GCC_WARN_64_TO_32_BIT_CONVERSION = YES;
				GCC_WARN_ABOUT_RETURN_TYPE = YES_ERROR;
				GCC_WARN_UNDECLARED_SELECTOR = YES;
				GCC_WARN_UNINITIALIZED_AUTOS = YES_AGGRESSIVE;
				GCC_WARN_UNUSED_FUNCTION = YES;
				GCC_WARN_UNUSED_VARIABLE = YES;
				IPHONEOS_DEPLOYMENT_TARGET = 26.0;
				LOCALIZATION_PREFERS_STRING_CATALOGS = YES;
				MTL_ENABLE_DEBUG_INFO = INCLUDE_SOURCE;
				MTL_FAST_MATH = YES;
				ONLY_ACTIVE_ARCH = YES;
				SDKROOT = iphoneos;
				SWIFT_ACTIVE_COMPILATION_CONDITIONS = "DEBUG $(inherited)";
				SWIFT_OPTIMIZATION_LEVEL = "-Onone";
			};
			name = Debug;
		};
		2341A6382EEC6AD5007F2391 /* Release */ = {
			isa = XCBuildConfiguration;
			buildSettings = {
				ALWAYS_SEARCH_USER_PATHS = NO;
				ASSETCATALOG_COMPILER_GENERATE_SWIFT_ASSET_SYMBOL_EXTENSIONS = YES;
				CLANG_ANALYZER_NONNULL = YES;
				CLANG_ANALYZER_NUMBER_OBJECT_CONVERSION = YES_AGGRESSIVE;
				CLANG_CXX_LANGUAGE_STANDARD = "gnu++20";
				CLANG_ENABLE_MODULES = YES;
				CLANG_ENABLE_OBJC_ARC = YES;
				CLANG_ENABLE_OBJC_WEAK = YES;
				CLANG_WARN_BLOCK_CAPTURE_AUTORELEASING = YES;
				CLANG_WARN_BOOL_CONVERSION = YES;
				CLANG_WARN_COMMA = YES;
				CLANG_WARN_CONSTANT_CONVERSION = YES;
				CLANG_WARN_DEPRECATED_OBJC_IMPLEMENTATIONS = YES;
				CLANG_WARN_DIRECT_OBJC_ISA_USAGE = YES_ERROR;
				CLANG_WARN_DOCUMENTATION_COMMENTS = YES;
				CLANG_WARN_EMPTY_BODY = YES;
				CLANG_WARN_ENUM_CONVERSION = YES;
				CLANG_WARN_INFINITE_RECURSION = YES;
				CLANG_WARN_INT_CONVERSION = YES;
				CLANG_WARN_NON_LITERAL_NULL_CONVERSION = YES;
				CLANG_WARN_OBJC_IMPLICIT_RETAIN_SELF = YES;
				CLANG_WARN_OBJC_LITERAL_CONVERSION = YES;
				CLANG_WARN_OBJC_ROOT_CLASS = YES_ERROR;
				CLANG_WARN_QUOTED_INCLUDE_IN_FRAMEWORK_HEADER = YES;
				CLANG_WARN_RANGE_LOOP_ANALYSIS = YES;
				CLANG_WARN_STRICT_PROTOTYPES = YES;
				CLANG_WARN_SUSPICIOUS_MOVE = YES;
				CLANG_WARN_UNGUARDED_AVAILABILITY = YES_AGGRESSIVE;
				CLANG_WARN_UNREACHABLE_CODE = YES;
				CLANG_WARN__DUPLICATE_METHOD_MATCH = YES;
				COPY_PHASE_STRIP = NO;
				DEBUG_INFORMATION_FORMAT = "dwarf-with-dsym";
				DEVELOPMENT_TEAM = 8T3W9YR268;
				ENABLE_NS_ASSERTIONS = NO;
				ENABLE_STRICT_OBJC_MSGSEND = YES;
				ENABLE_USER_SCRIPT_SANDBOXING = YES;
				GCC_C_LANGUAGE_STANDARD = gnu17;
				GCC_NO_COMMON_BLOCKS = YES;
				GCC_WARN_64_TO_32_BIT_CONVERSION = YES;
				GCC_WARN_ABOUT_RETURN_TYPE = YES_ERROR;
				GCC_WARN_UNDECLARED_SELECTOR = YES;
				GCC_WARN_UNINITIALIZED_AUTOS = YES_AGGRESSIVE;
				GCC_WARN_UNUSED_FUNCTION = YES;
				GCC_WARN_UNUSED_VARIABLE = YES;
				IPHONEOS_DEPLOYMENT_TARGET = 26.0;
				LOCALIZATION_PREFERS_STRING_CATALOGS = YES;
				MTL_ENABLE_DEBUG_INFO = NO;
				MTL_FAST_MATH = YES;
				SDKROOT = iphoneos;
				SWIFT_COMPILATION_MODE = wholemodule;
				VALIDATE_PRODUCT = YES;
			};
			name = Release;
		};
		2341A63A2EEC6AD5007F2391 /* Debug */ = {
			isa = XCBuildConfiguration;
			buildSettings = {
				ASSETCATALOG_COMPILER_APPICON_NAME = AppIcon;
				ASSETCATALOG_COMPILER_GLOBAL_ACCENT_COLOR_NAME = AccentColor;
				CODE_SIGN_STYLE = Automatic;
				CURRENT_PROJECT_VERSION = 1;
				DEVELOPMENT_TEAM = 8T3W9YR268;
				ENABLE_PREVIEWS = YES;
				GENERATE_INFOPLIST_FILE = YES;
				INFOPLIST_KEY_UIApplicationSceneManifest_Generation = YES;
				INFOPLIST_KEY_UIApplicationSupportsIndirectInputEvents = YES;
				INFOPLIST_KEY_UILaunchScreen_Generation = YES;
				INFOPLIST_KEY_UISupportedInterfaceOrientations_iPad = "UIInterfaceOrientationPortrait UIInterfaceOrientationPortraitUpsideDown UIInterfaceOrientationLandscapeLeft UIInterfaceOrientationLandscapeRight";
				INFOPLIST_KEY_UISupportedInterfaceOrientations_iPhone = "UIInterfaceOrientationPortrait UIInterfaceOrientationLandscapeLeft UIInterfaceOrientationLandscapeRight";
				LD_RUNPATH_SEARCH_PATHS = (
					"$(inherited)",
					"@executable_path/Frameworks",
				);
				MARKETING_VERSION = 1.0;
				PRODUCT_BUNDLE_IDENTIFIER = com.greenace.AddicTrack;
				PRODUCT_NAME = "$(TARGET_NAME)";
				STRING_CATALOG_GENERATE_SYMBOLS = YES;
				SWIFT_APPROACHABLE_CONCURRENCY = YES;
				SWIFT_DEFAULT_ACTOR_ISOLATION = MainActor;
				SWIFT_EMIT_LOC_STRINGS = YES;
				SWIFT_UPCOMING_FEATURE_MEMBER_IMPORT_VISIBILITY = YES;
				SWIFT_VERSION = 5.0;
				TARGETED_DEVICE_FAMILY = "1,2";
			};
			name = Debug;
		};
		2341A63B2EEC6AD5007F2391 /* Release */ = {
			isa = XCBuildConfiguration;
			buildSettings = {
				ASSETCATALOG_COMPILER_APPICON_NAME = AppIcon;
				ASSETCATALOG_COMPILER_GLOBAL_ACCENT_COLOR_NAME = AccentColor;
				CODE_SIGN_STYLE = Automatic;
				CURRENT_PROJECT_VERSION = 1;
				DEVELOPMENT_TEAM = 8T3W9YR268;
				ENABLE_PREVIEWS = YES;
				GENERATE_INFOPLIST_FILE = YES;
				INFOPLIST_KEY_UIApplicationSceneManifest_Generation = YES;
				INFOPLIST_KEY_UIApplicationSupportsIndirectInputEvents = YES;
				INFOPLIST_KEY_UILaunchScreen_Generation = YES;
				INFOPLIST_KEY_UISupportedInterfaceOrientations_iPad = "UIInterfaceOrientationPortrait UIInterfaceOrientationPortraitUpsideDown UIInterfaceOrientationLandscapeLeft UIInterfaceOrientationLandscapeRight";
				INFOPLIST_KEY_UISupportedInterfaceOrientations_iPhone = "UIInterfaceOrientationPortrait UIInterfaceOrientationLandscapeLeft UIInterfaceOrientationLandscapeRight";
				LD_RUNPATH_SEARCH_PATHS = (
					"$(inherited)",
					"@executable_path/Frameworks",
				);
				MARKETING_VERSION = 1.0;
				PRODUCT_BUNDLE_IDENTIFIER = com.greenace.AddicTrack;
				PRODUCT_NAME = "$(TARGET_NAME)";
				STRING_CATALOG_GENERATE_SYMBOLS = YES;
				SWIFT_APPROACHABLE_CONCURRENCY = YES;
				SWIFT_DEFAULT_ACTOR_ISOLATION = MainActor;
				SWIFT_EMIT_LOC_STRINGS = YES;
				SWIFT_UPCOMING_FEATURE_MEMBER_IMPORT_VISIBILITY = YES;
				SWIFT_VERSION = 5.0;
				TARGETED_DEVICE_FAMILY = "1,2";
			};
			name = Release;
		};
		2341A63D2EEC6AD5007F2391 /* Debug */ = {
			isa = XCBuildConfiguration;
			buildSettings = {
				BUNDLE_LOADER = "$(TEST_HOST)";
				CODE_SIGN_STYLE = Automatic;
				CURRENT_PROJECT_VERSION = 1;
				DEVELOPMENT_TEAM = 8T3W9YR268;
				GENERATE_INFOPLIST_FILE = YES;
				IPHONEOS_DEPLOYMENT_TARGET = 26.0;
				MARKETING_VERSION = 1.0;
				PRODUCT_BUNDLE_IDENTIFIER = com.greenace.AddicTrackTests;
				PRODUCT_NAME = "$(TARGET_NAME)";
				STRING_CATALOG_GENERATE_SYMBOLS = NO;
				SWIFT_APPROACHABLE_CONCURRENCY = YES;
				SWIFT_EMIT_LOC_STRINGS = NO;
				SWIFT_UPCOMING_FEATURE_MEMBER_IMPORT_VISIBILITY = YES;
				SWIFT_VERSION = 5.0;
				TARGETED_DEVICE_FAMILY = "1,2";
				TEST_HOST = "$(BUILT_PRODUCTS_DIR)/AddicTrack.app/$(BUNDLE_EXECUTABLE_FOLDER_PATH)/AddicTrack";
			};
			name = Debug;
		};
		2341A63E2EEC6AD5007F2391 /* Release */ = {
			isa = XCBuildConfiguration;
			buildSettings = {
				BUNDLE_LOADER = "$(TEST_HOST)";
				CODE_SIGN_STYLE = Automatic;
				CURRENT_PROJECT_VERSION = 1;
				DEVELOPMENT_TEAM = 8T3W9YR268;
				GENERATE_INFOPLIST_FILE = YES;
				IPHONEOS_DEPLOYMENT_TARGET = 26.0;
				MARKETING_VERSION = 1.0;
				PRODUCT_BUNDLE_IDENTIFIER = com.greenace.AddicTrackTests;
				PRODUCT_NAME = "$(TARGET_NAME)";
				STRING_CATALOG_GENERATE_SYMBOLS = NO;
				SWIFT_APPROACHABLE_CONCURRENCY = YES;
				SWIFT_EMIT_LOC_STRINGS = NO;
				SWIFT_UPCOMING_FEATURE_MEMBER_IMPORT_VISIBILITY = YES;
				SWIFT_VERSION = 5.0;
				TARGETED_DEVICE_FAMILY = "1,2";
				TEST_HOST = "$(BUILT_PRODUCTS_DIR)/AddicTrack.app/$(BUNDLE_EXECUTABLE_FOLDER_PATH)/AddicTrack";
			};
			name = Release;
		};
		2341A6402EEC6AD5007F2391 /* Debug */ = {
			isa = XCBuildConfiguration;
			buildSettings = {
				CODE_SIGN_STYLE = Automatic;
				CURRENT_PROJECT_VERSION = 1;
				DEVELOPMENT_TEAM = 8T3W9YR268;
				GENERATE_INFOPLIST_FILE = YES;
				MARKETING_VERSION = 1.0;
				PRODUCT_BUNDLE_IDENTIFIER = com.greenace.AddicTrackUITests;
				PRODUCT_NAME = "$(TARGET_NAME)";
				STRING_CATALOG_GENERATE_SYMBOLS = NO;
				SWIFT_APPROACHABLE_CONCURRENCY = YES;
				SWIFT_EMIT_LOC_STRINGS = NO;
				SWIFT_UPCOMING_FEATURE_MEMBER_IMPORT_VISIBILITY = YES;
				SWIFT_VERSION = 5.0;
				TARGETED_DEVICE_FAMILY = "1,2";
				TEST_TARGET_NAME = AddicTrack;
			};
			name = Debug;
		};
		2341A6412EEC6AD5007F2391 /* Release */ = {
			isa = XCBuildConfiguration;
			buildSettings = {
				CODE_SIGN_STYLE = Automatic;
				CURRENT_PROJECT_VERSION = 1;
				DEVELOPMENT_TEAM = 8T3W9YR268;
				GENERATE_INFOPLIST_FILE = YES;
				MARKETING_VERSION = 1.0;
				PRODUCT_BUNDLE_IDENTIFIER = com.greenace.AddicTrackUITests;
				PRODUCT_NAME = "$(TARGET_NAME)";
				STRING_CATALOG_GENERATE_SYMBOLS = NO;
				SWIFT_APPROACHABLE_CONCURRENCY = YES;
				SWIFT_EMIT_LOC_STRINGS = NO;
				SWIFT_UPCOMING_FEATURE_MEMBER_IMPORT_VISIBILITY = YES;
				SWIFT_VERSION = 5.0;
				TARGETED_DEVICE_FAMILY = "1,2";
				TEST_TARGET_NAME = AddicTrack;
			};
			name = Release;
		};
/* End XCBuildConfiguration section */

/* Begin XCConfigurationList section */
		2341A6112EEC6AD4007F2391 /* Build configuration list for PBXProject "AddicTrack" */ = {
			isa = XCConfigurationList;
			buildConfigurations = (
				2341A6372EEC6AD5007F2391 /* Debug */,
				2341A6382EEC6AD5007F2391 /* Release */,
			);
			defaultConfigurationIsVisible = 0;
			defaultConfigurationName = Release;
		};
		2341A6392EEC6AD5007F2391 /* Build configuration list for PBXNativeTarget "AddicTrack" */ = {
			isa = XCConfigurationList;
			buildConfigurations = (
				2341A63A2EEC6AD5007F2391 /* Debug */,
				2341A63B2EEC6AD5007F2391 /* Release */,
			);
			defaultConfigurationIsVisible = 0;
			defaultConfigurationName = Release;
		};
		2341A63C2EEC6AD5007F2391 /* Build configuration list for PBXNativeTarget "AddicTrackTests" */ = {
			isa = XCConfigurationList;
			buildConfigurations = (
				2341A63D2EEC6AD5007F2391 /* Debug */,
				2341A63E2EEC6AD5007F2391 /* Release */,
			);
			defaultConfigurationIsVisible = 0;
			defaultConfigurationName = Release;
		};
		2341A63F2EEC6AD5007F2391 /* Build configuration list for PBXNativeTarget "AddicTrackUITests" */ = {
			isa = XCConfigurationList;
			buildConfigurations = (
				2341A6402EEC6AD5007F2391 /* Debug */,
				2341A6412EEC6AD5007F2391 /* Release */,
			);
			defaultConfigurationIsVisible = 0;
			defaultConfigurationName = Release;
		};
/* End XCConfigurationList section */
	};
	rootObject = 2341A60E2EEC6AD4007F2391 /* Project object */;
}
